
Microsoft Visual Studio Solution File, Format Version 12.00
# Visual Studio Version 17
VisualStudioVersion = 17.5.33516.290
MinimumVisualStudioVersion = 10.0.40219.1
Project("{9A19103F-16F7-4668-BE54-9A1E7A4F7556}") = "02.TreasureHunt", "02.TreasureHunt.csproj", "{D301114E-978A-4E58-A796-C951C98322FA}"
EndProject
Global
	GlobalSection(SolutionConfigurationPlatforms) = preSolution
		Debug|Any CPU = Debug|Any CPU
		Release|Any CPU = Release|Any CPU
	EndGlobalSection
	GlobalSection(ProjectConfigurationPlatforms) = postSolution
		{D301114E-978A-4E58-A796-C951C98322FA}.Debug|Any CPU.ActiveCfg = Debug|Any CPU
		{D301114E-978A-4E58-A796-C951C98322FA}.Debug|Any CPU.Build.0 = Debug|Any CPU
		{D301114E-978A-4E58-A796-C951C98322FA}.Release|Any CPU.ActiveCfg = Release|Any CPU
		{D301114E-978A-4E58-A796-C951C98322FA}.Release|Any CPU.Build.0 = Release|Any CPU
	EndGlobalSection
	GlobalSection(SolutionProperties) = preSolution
		HideSolutionNode = FALSE
	EndGlobalSection
	GlobalSection(ExtensibilityGlobals) = postSolution
		SolutionGuid = {0C02261A-C032-4441-A217-EEE816310CAD}
	EndGlobalSection
EndGlobal
